{
  "nodes": {
    "nixpkgs": {
      "locked": {
        "lastModified": 1755809406,
        "narHash": "sha256-jfDTO4ISOz2wJ0dwQyTVfM5wOt4SWBLei8Mue15y/G8=",
        "owner": "nixos",
        "repo": "nixpkgs",
        "rev": "ec8562fcb110a205622f9cd1c685ff17ff8a3bd9",
        "type": "github"
      },
      "original": {
        "owner": "nixos",
        "repo": "nixpkgs",
        "type": "github"
      }
    },
    "root": {
      "inputs": {
        "nixpkgs": "nixpkgs"
      }
    }
  },
  "root": "root",
  "version": 7
}
