{
  "nodes": {
    "nixpkgs": {
      "locked": {
        "lastModified": 1753814325,
        "narHash": "sha256-xb5uYRFoUL3UjWGXrq1TD7lyXjDEohD6mbfiv998MwM=",
        "owner": "nixos",
        "repo": "nixpkgs",
        "rev": "c0d05a3697303006380ad16d7ccd2299d6096b68",
        "type": "github"
      },
      "original": {
        "owner": "nixos",
        "repo": "nixpkgs",
        "type": "github"
      }
    },
    "root": {
      "inputs": {
        "nixpkgs": "nixpkgs"
      }
    }
  },
  "root": "root",
  "version": 7
}
