{
  "nodes": {
    "nixpkgs": {
      "locked": {
        "lastModified": 1736441877,
        "narHash": "sha256-m3+PhBFkDwqo9lBplG4AyMW8P4/KcioJRS1UG8N7okM=",
        "owner": "nixos",
        "repo": "nixpkgs",
        "rev": "ce3899414dab3297cf025bfa356dc2da426feefd",
        "type": "github"
      },
      "original": {
        "owner": "nixos",
        "repo": "nixpkgs",
        "type": "github"
      }
    },
    "root": {
      "inputs": {
        "nixpkgs": "nixpkgs"
      }
    }
  },
  "root": "root",
  "version": 7
}
